<?xml version="1.0" encoding="utf-8"?>
<Project ToolsVersion="4.0" xmlns="http://schemas.microsoft.com/developer/msbuild/2003">
  <ItemGroup>
    <Filter Include="소스 파일">
      <UniqueIdentifier>{4FC737F1-C7A5-4376-A066-2A32D752A2FF}</UniqueIdentifier>
      <Extensions>cpp;c;cc;cxx;def;odl;idl;hpj;bat;asm;asmx</Extensions>
    </Filter>
    <Filter Include="헤더 파일">
      <UniqueIdentifier>{93995380-89BD-4b04-88EB-625FBE52EBFB}</UniqueIdentifier>
      <Extensions>h;hh;hpp;hxx;hm;inl;inc;xsd</Extensions>
    </Filter>
    <Filter Include="리소스 파일">
      <UniqueIdentifier>{67DA6AB6-F800-4c08-8B7A-83BB121AAD01}</UniqueIdentifier>
      <Extensions>rc;ico;cur;bmp;dlg;rc2;rct;bin;rgs;gif;jpg;jpeg;jpe;resx;tiff;tif;png;wav;mfcribbon-ms</Extensions>
    </Filter>
    <Filter Include="Common">
      <UniqueIdentifier>{231a5ee0-94cf-415d-b410-296e2eb9db98}</UniqueIdentifier>
    </Filter>
    <Filter Include="IocpHandler">
      <UniqueIdentifier>{e1c1ebd1-2e04-4210-86fa-17b1b727c02a}</UniqueIdentifier>
    </Filter>
    <Filter Include="Common\Thread">
      <UniqueIdentifier>{a0142d0a-6ced-4dde-a6ce-1c9d200ab00f}</UniqueIdentifier>
    </Filter>
    <Filter Include="Acceptor">
      <UniqueIdentifier>{f7f3afde-75e0-4e37-b4ba-c461735b407f}</UniqueIdentifier>
    </Filter>
    <Filter Include="Common\OverlappedEx">
      <UniqueIdentifier>{3a15025b-ef4f-4fcd-b277-ffdc3a575647}</UniqueIdentifier>
    </Filter>
    <Filter Include="SessionNode">
      <UniqueIdentifier>{b060c754-271a-4919-aa07-41f07937b687}</UniqueIdentifier>
    </Filter>
    <Filter Include="WorkThread">
      <UniqueIdentifier>{2ccc6484-4b88-4fd2-8462-5cd4905d7d71}</UniqueIdentifier>
    </Filter>
    <Filter Include="WSAData">
      <UniqueIdentifier>{a5cb396a-6eff-4f02-85c2-f9df9a9a3be1}</UniqueIdentifier>
    </Filter>
    <Filter Include="Common\Socket">
      <UniqueIdentifier>{1450cadf-c185-4f6e-987b-56cedab6062b}</UniqueIdentifier>
    </Filter>
  </ItemGroup>
  <ItemGroup>
    <Text Include="ReadMe.txt" />
  </ItemGroup>
  <ItemGroup>
    <ClInclude Include="stdafx.h">
      <Filter>헤더 파일</Filter>
    </ClInclude>
    <ClInclude Include="targetver.h">
      <Filter>헤더 파일</Filter>
    </ClInclude>
    <ClInclude Include="iocpLib.h">
      <Filter>Common</Filter>
    </ClInclude>
    <ClInclude Include="cSingleTon.h">
      <Filter>Common</Filter>
    </ClInclude>
    <ClInclude Include="cIocpHandler.h">
      <Filter>IocpHandler</Filter>
    </ClInclude>
    <ClInclude Include="typedef.h">
      <Filter>Common</Filter>
    </ClInclude>
    <ClInclude Include="cThreadBase.h">
      <Filter>Common\Thread</Filter>
    </ClInclude>
    <ClInclude Include="cWSAData.h">
      <Filter>WSAData</Filter>
    </ClInclude>
    <ClInclude Include="cAcceptor.h">
      <Filter>Acceptor</Filter>
    </ClInclude>
    <ClInclude Include="iSessionNode.h">
      <Filter>SessionNode</Filter>
    </ClInclude>
    <ClInclude Include="cOverlappedEx.h">
      <Filter>Common\OverlappedEx</Filter>
    </ClInclude>
    <ClInclude Include="cFunWrapper.h">
      <Filter>Common\OverlappedEx</Filter>
    </ClInclude>
    <ClInclude Include="cSocket.h">
      <Filter>Common\Socket</Filter>
    </ClInclude>
    <ClInclude Include="cWorkThread.h">
      <Filter>WorkThread</Filter>
    </ClInclude>
  </ItemGroup>
  <ItemGroup>
    <ClCompile Include="stdafx.cpp">
      <Filter>소스 파일</Filter>
    </ClCompile>
    <ClCompile Include="cIocpHandler.cpp">
      <Filter>IocpHandler</Filter>
    </ClCompile>
    <ClCompile Include="cThreadBase.cpp">
      <Filter>Common\Thread</Filter>
    </ClCompile>
    <ClCompile Include="cWSAData.cpp">
      <Filter>WSAData</Filter>
    </ClCompile>
    <ClCompile Include="cAcceptor.cpp">
      <Filter>Acceptor</Filter>
    </ClCompile>
    <ClCompile Include="iSessionNode.cpp">
      <Filter>SessionNode</Filter>
    </ClCompile>
    <ClCompile Include="cOverlappedEx.cpp">
      <Filter>Common\OverlappedEx</Filter>
    </ClCompile>
    <ClCompile Include="cSocket.cpp">
      <Filter>Common\Socket</Filter>
    </ClCompile>
    <ClCompile Include="cWorkThread.cpp">
      <Filter>WorkThread</Filter>
    </ClCompile>
  </ItemGroup>
</Project>