<?xml version="1.0" encoding="utf-8"?>
<Project ToolsVersion="4.0" xmlns="http://schemas.microsoft.com/developer/msbuild/2003">
  <ItemGroup>
    <Filter Include="소스 파일">
      <UniqueIdentifier>{4FC737F1-C7A5-4376-A066-2A32D752A2FF}</UniqueIdentifier>
      <Extensions>cpp;c;cc;cxx;def;odl;idl;hpj;bat;asm;asmx</Extensions>
    </Filter>
    <Filter Include="헤더 파일">
      <UniqueIdentifier>{93995380-89BD-4b04-88EB-625FBE52EBFB}</UniqueIdentifier>
      <Extensions>h;hh;hpp;hxx;hm;inl;inc;xsd</Extensions>
    </Filter>
    <Filter Include="리소스 파일">
      <UniqueIdentifier>{67DA6AB6-F800-4c08-8B7A-83BB121AAD01}</UniqueIdentifier>
      <Extensions>rc;ico;cur;bmp;dlg;rc2;rct;bin;rgs;gif;jpg;jpeg;jpe;resx;tiff;tif;png;wav;mfcribbon-ms</Extensions>
    </Filter>
    <Filter Include="Common">
      <UniqueIdentifier>{231a5ee0-94cf-415d-b410-296e2eb9db98}</UniqueIdentifier>
    </Filter>
    <Filter Include="IocpHandler">
      <UniqueIdentifier>{e1c1ebd1-2e04-4210-86fa-17b1b727c02a}</UniqueIdentifier>
    </Filter>
    <Filter Include="Common\Thread">
      <UniqueIdentifier>{a0142d0a-6ced-4dde-a6ce-1c9d200ab00f}</UniqueIdentifier>
    </Filter>
  </ItemGroup>
  <ItemGroup>
    <Text Include="ReadMe.txt" />
  </ItemGroup>
  <ItemGroup>
    <ClInclude Include="stdafx.h">
      <Filter>헤더 파일</Filter>
    </ClInclude>
    <ClInclude Include="targetver.h">
      <Filter>헤더 파일</Filter>
    </ClInclude>
    <ClInclude Include="iocpLib.h">
      <Filter>Common</Filter>
    </ClInclude>
    <ClInclude Include="cSingleTon.h">
      <Filter>Common</Filter>
    </ClInclude>
    <ClInclude Include="cIocpHandler.h">
      <Filter>IocpHandler</Filter>
    </ClInclude>
    <ClInclude Include="typedef.h">
      <Filter>Common</Filter>
    </ClInclude>
    <ClInclude Include="cThreadBase.h">
      <Filter>Common\Thread</Filter>
    </ClInclude>
  </ItemGroup>
  <ItemGroup>
    <ClCompile Include="stdafx.cpp">
      <Filter>소스 파일</Filter>
    </ClCompile>
    <ClCompile Include="cIocpHandler.cpp">
      <Filter>IocpHandler</Filter>
    </ClCompile>
    <ClCompile Include="cThreadBase.cpp">
      <Filter>Common\Thread</Filter>
    </ClCompile>
  </ItemGroup>
</Project>